github.com/Manuel-Leleuly/go-say-hello v1.0.0 h1:PAc5DTHuvpGZD0wa7IP82IiRBfRs5XLs4e8ef0Pad7k=
github.com/Manuel-Leleuly/go-say-hello v1.0.0/go.mod h1:t+yma1h/iNGtbiNzCK2t1ZM4+eTkL9pTCNeKICFYWJ4=
github.com/Manuel-Leleuly/go-say-hello v1.5.0 h1:iPjl4nU2QA5zzgR6n6j9h7ssegdO9o/s9oGtnFHZz0A=
github.com/Manuel-Leleuly/go-say-hello v1.5.0/go.mod h1:t+yma1h/iNGtbiNzCK2t1ZM4+eTkL9pTCNeKICFYWJ4=
github.com/Manuel-Leleuly/go-say-hello/v2 v2.0.0 h1:ub8D+dywXFaoEs6n8/kRmq59FMs4VAQ7EAgmMDamIHU=
github.com/Manuel-Leleuly/go-say-hello/v2 v2.0.0/go.mod h1:3XTN2Ml31hcWzYZRO+hjyKjIKUNoIUawi3IilpldswA=
